
Microsoft Visual Studio Solution File, Format Version 12.00
# Visual Studio Version 17
VisualStudioVersion = 17.2.32630.192
MinimumVisualStudioVersion = 10.0.40219.1
Project("{2150E333-8FDC-42A3-9474-1A3956D46DE8}") = "01 - Presentation", "01 - Presentation", "{A5A6F9D5-EA52-481F-8092-325FB7E5337A}"
EndProject
Project("{2150E333-8FDC-42A3-9474-1A3956D46DE8}") = "02 - Application", "02 - Application", "{056F7A69-19CA-44C2-AB8B-B94C0BF784DE}"
EndProject
Project("{2150E333-8FDC-42A3-9474-1A3956D46DE8}") = "03 - Domain", "03 - Domain", "{E2EECFE8-B216-419C-A66C-E57515EBE758}"
EndProject
Project("{2150E333-8FDC-42A3-9474-1A3956D46DE8}") = "04 - Infrastructure", "04 - Infrastructure", "{881CE55C-1FF5-4DA2-8D11-BEC1A3E7ADA1}"
EndProject
Project("{2150E333-8FDC-42A3-9474-1A3956D46DE8}") = "Tests", "Tests", "{D0F1F764-7B9B-4637-A7E5-376673584994}"
EndProject
Project("{9A19103F-16F7-4668-BE54-9A1E7A4F7556}") = "Api", "Api\Api.csproj", "{512D373B-271E-4A15-986B-DD613570E6C4}"
EndProject
Project("{9A19103F-16F7-4668-BE54-9A1E7A4F7556}") = "Application", "Application\Application.csproj", "{28AD2DD3-219B-45A1-A373-60B956F535E8}"
EndProject
Project("{9A19103F-16F7-4668-BE54-9A1E7A4F7556}") = "Domain", "Domain\Domain.csproj", "{86E6AA13-662D-45D2-AA67-365ECA214F50}"
EndProject
Project("{9A19103F-16F7-4668-BE54-9A1E7A4F7556}") = "Infrastructure.Data", "Infrastructure.Data\Infrastructure.Data.csproj", "{0FA2BF92-25AC-45F2-B23E-D2C94812220A}"
EndProject
Project("{9A19103F-16F7-4668-BE54-9A1E7A4F7556}") = "UnitTest", "UnitTest\UnitTest.csproj", "{6BAB1ACF-DD90-45F3-A282-E41C562BF47A}"
EndProject
Project("{2150E333-8FDC-42A3-9474-1A3956D46DE8}") = "Database", "Database", "{8E089A76-D93A-4764-B88B-111512EEB2B4}"
EndProject
Project("{2150E333-8FDC-42A3-9474-1A3956D46DE8}") = "Tables", "Tables", "{1822C511-D5BB-47CB-A579-FC682915B6EF}"
	ProjectSection(SolutionItems) = preProject
		Account.json = Account.json
		AccountHistory.json = AccountHistory.json
	EndProjectSection
EndProject
Project("{FAE04EC0-301F-11D3-BF4B-00C04F79EFBC}") = "IntegrationTest", "IntegrationTest\IntegrationTest.csproj", "{5F252773-E85C-453E-B1E2-ED0455D22F2E}"
EndProject
Global
	GlobalSection(SolutionConfigurationPlatforms) = preSolution
		Debug|Any CPU = Debug|Any CPU
		Release|Any CPU = Release|Any CPU
	EndGlobalSection
	GlobalSection(ProjectConfigurationPlatforms) = postSolution
		{512D373B-271E-4A15-986B-DD613570E6C4}.Debug|Any CPU.ActiveCfg = Debug|Any CPU
		{512D373B-271E-4A15-986B-DD613570E6C4}.Debug|Any CPU.Build.0 = Debug|Any CPU
		{512D373B-271E-4A15-986B-DD613570E6C4}.Release|Any CPU.ActiveCfg = Release|Any CPU
		{512D373B-271E-4A15-986B-DD613570E6C4}.Release|Any CPU.Build.0 = Release|Any CPU
		{28AD2DD3-219B-45A1-A373-60B956F535E8}.Debug|Any CPU.ActiveCfg = Debug|Any CPU
		{28AD2DD3-219B-45A1-A373-60B956F535E8}.Debug|Any CPU.Build.0 = Debug|Any CPU
		{28AD2DD3-219B-45A1-A373-60B956F535E8}.Release|Any CPU.ActiveCfg = Release|Any CPU
		{28AD2DD3-219B-45A1-A373-60B956F535E8}.Release|Any CPU.Build.0 = Release|Any CPU
		{86E6AA13-662D-45D2-AA67-365ECA214F50}.Debug|Any CPU.ActiveCfg = Debug|Any CPU
		{86E6AA13-662D-45D2-AA67-365ECA214F50}.Debug|Any CPU.Build.0 = Debug|Any CPU
		{86E6AA13-662D-45D2-AA67-365ECA214F50}.Release|Any CPU.ActiveCfg = Release|Any CPU
		{86E6AA13-662D-45D2-AA67-365ECA214F50}.Release|Any CPU.Build.0 = Release|Any CPU
		{0FA2BF92-25AC-45F2-B23E-D2C94812220A}.Debug|Any CPU.ActiveCfg = Debug|Any CPU
		{0FA2BF92-25AC-45F2-B23E-D2C94812220A}.Debug|Any CPU.Build.0 = Debug|Any CPU
		{0FA2BF92-25AC-45F2-B23E-D2C94812220A}.Release|Any CPU.ActiveCfg = Release|Any CPU
		{0FA2BF92-25AC-45F2-B23E-D2C94812220A}.Release|Any CPU.Build.0 = Release|Any CPU
		{6BAB1ACF-DD90-45F3-A282-E41C562BF47A}.Debug|Any CPU.ActiveCfg = Debug|Any CPU
		{6BAB1ACF-DD90-45F3-A282-E41C562BF47A}.Debug|Any CPU.Build.0 = Debug|Any CPU
		{6BAB1ACF-DD90-45F3-A282-E41C562BF47A}.Release|Any CPU.ActiveCfg = Release|Any CPU
		{6BAB1ACF-DD90-45F3-A282-E41C562BF47A}.Release|Any CPU.Build.0 = Release|Any CPU
		{5F252773-E85C-453E-B1E2-ED0455D22F2E}.Debug|Any CPU.ActiveCfg = Debug|Any CPU
		{5F252773-E85C-453E-B1E2-ED0455D22F2E}.Debug|Any CPU.Build.0 = Debug|Any CPU
		{5F252773-E85C-453E-B1E2-ED0455D22F2E}.Release|Any CPU.ActiveCfg = Release|Any CPU
		{5F252773-E85C-453E-B1E2-ED0455D22F2E}.Release|Any CPU.Build.0 = Release|Any CPU
	EndGlobalSection
	GlobalSection(SolutionProperties) = preSolution
		HideSolutionNode = FALSE
	EndGlobalSection
	GlobalSection(NestedProjects) = preSolution
		{512D373B-271E-4A15-986B-DD613570E6C4} = {A5A6F9D5-EA52-481F-8092-325FB7E5337A}
		{28AD2DD3-219B-45A1-A373-60B956F535E8} = {056F7A69-19CA-44C2-AB8B-B94C0BF784DE}
		{86E6AA13-662D-45D2-AA67-365ECA214F50} = {E2EECFE8-B216-419C-A66C-E57515EBE758}
		{0FA2BF92-25AC-45F2-B23E-D2C94812220A} = {881CE55C-1FF5-4DA2-8D11-BEC1A3E7ADA1}
		{6BAB1ACF-DD90-45F3-A282-E41C562BF47A} = {D0F1F764-7B9B-4637-A7E5-376673584994}
		{1822C511-D5BB-47CB-A579-FC682915B6EF} = {8E089A76-D93A-4764-B88B-111512EEB2B4}
		{5F252773-E85C-453E-B1E2-ED0455D22F2E} = {D0F1F764-7B9B-4637-A7E5-376673584994}
	EndGlobalSection
	GlobalSection(ExtensibilityGlobals) = postSolution
		SolutionGuid = {037E81E2-59CD-4FA7-8A50-4459E8764232}
	EndGlobalSection
EndGlobal
